
Microsoft Visual Studio Solution File, Format Version 12.00
# Visual Studio Version 16
VisualStudioVersion = 16.0.30204.135
MinimumVisualStudioVersion = 10.0.40219.1
Project("{9A19103F-16F7-4668-BE54-9A1E7A4F7556}") = "eTechTube", "eTechTube\eTechTube.csproj", "{794348C6-3F5B-4DA0-8AEB-5AAC230CA02C}"
EndProject
Project("{9A19103F-16F7-4668-BE54-9A1E7A4F7556}") = "eTechTube.Api", "eTechTube.Api\eTechTube.Api.csproj", "{858C04C4-5057-4FB7-A580-E0BFBA8DD79A}"
EndProject
Project("{FAE04EC0-301F-11D3-BF4B-00C04F79EFBC}") = "NewsService", "NewsService\NewsService.csproj", "{C240A261-CDA0-4B42-8425-34C94C813860}"
EndProject
Project("{FAE04EC0-301F-11D3-BF4B-00C04F79EFBC}") = "NewsService.Api", "NewsService.Api\NewsService.Api.csproj", "{CCD0A80C-E786-4888-BF0F-C65A487B66A6}"
EndProject
Global
	GlobalSection(SolutionConfigurationPlatforms) = preSolution
		Debug|Any CPU = Debug|Any CPU
		Release|Any CPU = Release|Any CPU
	EndGlobalSection
	GlobalSection(ProjectConfigurationPlatforms) = postSolution
		{794348C6-3F5B-4DA0-8AEB-5AAC230CA02C}.Debug|Any CPU.ActiveCfg = Debug|Any CPU
		{794348C6-3F5B-4DA0-8AEB-5AAC230CA02C}.Debug|Any CPU.Build.0 = Debug|Any CPU
		{794348C6-3F5B-4DA0-8AEB-5AAC230CA02C}.Release|Any CPU.ActiveCfg = Release|Any CPU
		{794348C6-3F5B-4DA0-8AEB-5AAC230CA02C}.Release|Any CPU.Build.0 = Release|Any CPU
		{858C04C4-5057-4FB7-A580-E0BFBA8DD79A}.Debug|Any CPU.ActiveCfg = Debug|Any CPU
		{858C04C4-5057-4FB7-A580-E0BFBA8DD79A}.Debug|Any CPU.Build.0 = Debug|Any CPU
		{858C04C4-5057-4FB7-A580-E0BFBA8DD79A}.Release|Any CPU.ActiveCfg = Release|Any CPU
		{858C04C4-5057-4FB7-A580-E0BFBA8DD79A}.Release|Any CPU.Build.0 = Release|Any CPU
		{C240A261-CDA0-4B42-8425-34C94C813860}.Debug|Any CPU.ActiveCfg = Debug|Any CPU
		{C240A261-CDA0-4B42-8425-34C94C813860}.Debug|Any CPU.Build.0 = Debug|Any CPU
		{C240A261-CDA0-4B42-8425-34C94C813860}.Release|Any CPU.ActiveCfg = Release|Any CPU
		{C240A261-CDA0-4B42-8425-34C94C813860}.Release|Any CPU.Build.0 = Release|Any CPU
		{CCD0A80C-E786-4888-BF0F-C65A487B66A6}.Debug|Any CPU.ActiveCfg = Debug|Any CPU
		{CCD0A80C-E786-4888-BF0F-C65A487B66A6}.Debug|Any CPU.Build.0 = Debug|Any CPU
		{CCD0A80C-E786-4888-BF0F-C65A487B66A6}.Release|Any CPU.ActiveCfg = Release|Any CPU
		{CCD0A80C-E786-4888-BF0F-C65A487B66A6}.Release|Any CPU.Build.0 = Release|Any CPU
	EndGlobalSection
	GlobalSection(SolutionProperties) = preSolution
		HideSolutionNode = FALSE
	EndGlobalSection
	GlobalSection(ExtensibilityGlobals) = postSolution
		SolutionGuid = {68755583-53AC-4674-B485-59EBB8AC61C7}
	EndGlobalSection
EndGlobal
